<?xml version="1.0" encoding="utf-8"?>
<Project ToolsVersion="4.0" xmlns="http://schemas.microsoft.com/developer/msbuild/2003">
  <ItemGroup>
    <Filter Include="Source Files">
      <UniqueIdentifier>{4FC737F1-C7A5-4376-A066-2A32D752A2FF}</UniqueIdentifier>
      <Extensions>cpp;cxx;c;def</Extensions>
    </Filter>
    <Filter Include="Header Files">
      <UniqueIdentifier>{93995380-89BD-4b04-88EB-625FBE52EBFB}</UniqueIdentifier>
      <Extensions>h</Extensions>
    </Filter>
    <Filter Include="Resource Files">
      <UniqueIdentifier>{D9D6E242-F8AF-46E4-B9FD-80ECBC20BA3E}</UniqueIdentifier>
      <Extensions>qrc;*</Extensions>
      <ParseFiles>false</ParseFiles>
    </Filter>
    <Filter Include="Generated Files">
      <UniqueIdentifier>{71ED8ED8-ACB9-4CE9-BBE1-E00B30144E11}</UniqueIdentifier>
      <Extensions>moc;h;cpp</Extensions>
      <SourceControlFiles>False</SourceControlFiles>
    </Filter>
    <Filter Include="Generated Files\Debug">
      <UniqueIdentifier>{20ba88a6-d14a-45e8-80f5-2e982577c7ab}</UniqueIdentifier>
      <Extensions>cpp;moc</Extensions>
      <SourceControlFiles>False</SourceControlFiles>
    </Filter>
    <Filter Include="Generated Files\Release">
      <UniqueIdentifier>{8576e0ee-320d-4e23-8e34-21ac23d2b86e}</UniqueIdentifier>
      <Extensions>cpp;moc</Extensions>
      <SourceControlFiles>False</SourceControlFiles>
    </Filter>
    <Filter Include="Header Files\tests">
      <UniqueIdentifier>{1d452b65-7e01-482e-9b32-6373c2cb4252}</UniqueIdentifier>
    </Filter>
    <Filter Include="Source Files\tests">
      <UniqueIdentifier>{d99ddcaf-7e5f-4fca-a05f-141c1343b157}</UniqueIdentifier>
    </Filter>
    <Filter Include="Header Files\source">
      <UniqueIdentifier>{bb76383b-8c56-43ef-828f-2b84e708b6f4}</UniqueIdentifier>
    </Filter>
    <Filter Include="Source Files\source">
      <UniqueIdentifier>{3b95f7fe-cca2-4bcb-ba25-4ea991ab335a}</UniqueIdentifier>
    </Filter>
  </ItemGroup>
  <ItemGroup>
    <CustomBuild Include="include\test_redisconnection.h">
      <Filter>Header Files\tests</Filter>
    </CustomBuild>
    <CustomBuild Include="include\test_redisconnectionsmanager.h">
      <Filter>Header Files\tests</Filter>
    </CustomBuild>
    <CustomBuild Include="..\redis-desktop-manager\include\network\qxtsshchannel.h">
      <Filter>Header Files\source</Filter>
    </CustomBuild>
    <CustomBuild Include="..\redis-desktop-manager\include\network\qxtsshclient.h">
      <Filter>Header Files\source</Filter>
    </CustomBuild>
    <CustomBuild Include="..\redis-desktop-manager\include\network\qxtsshclient_p.h">
      <Filter>Header Files\source</Filter>
    </CustomBuild>
    <CustomBuild Include="..\redis-desktop-manager\include\network\qxtsshprocess.h">
      <Filter>Header Files\source</Filter>
    </CustomBuild>
    <CustomBuild Include="..\redis-desktop-manager\include\network\qxtsshtcpsocket.h">
      <Filter>Header Files\source</Filter>
    </CustomBuild>
    <CustomBuild Include="include\test_command.h">
      <Filter>Header Files\tests</Filter>
    </CustomBuild>
    <CustomBuild Include="include\test_response.h">
      <Filter>Header Files\tests</Filter>
    </CustomBuild>
    <CustomBuild Include="..\redis-desktop-manager\include\redis\RedisConnectionAbstract.h">
      <Filter>Header Files\source</Filter>
    </CustomBuild>
    <CustomBuild Include="..\redis-desktop-manager\include\redis\RedisConnectionOverSsh.h">
      <Filter>Header Files\source</Filter>
    </CustomBuild>
    <CustomBuild Include="..\redis-desktop-manager\include\redis\RedisConnection.h">
      <Filter>Header Files\source</Filter>
    </CustomBuild>
    <CustomBuild Include="..\redis-desktop-manager\include\models\items\RedisServerItem.h">
      <Filter>Header Files\source</Filter>
    </CustomBuild>
  </ItemGroup>
  <ItemGroup>
    <ClCompile Include="GeneratedFiles\Debug\moc_test_redisconnection.cpp">
      <Filter>Generated Files\Debug</Filter>
    </ClCompile>
    <ClCompile Include="GeneratedFiles\Release\moc_test_redisconnection.cpp">
      <Filter>Generated Files\Release</Filter>
    </ClCompile>
    <ClCompile Include="GeneratedFiles\Debug\moc_test_redisconnectionsmanager.cpp">
      <Filter>Generated Files\Debug</Filter>
    </ClCompile>
    <ClCompile Include="GeneratedFiles\Release\moc_test_redisconnectionsmanager.cpp">
      <Filter>Generated Files\Release</Filter>
    </ClCompile>
    <ClCompile Include="main.cpp">
      <Filter>Source Files</Filter>
    </ClCompile>
    <ClCompile Include="source\test_redisconnection.cpp">
      <Filter>Source Files\tests</Filter>
    </ClCompile>
    <ClCompile Include="source\test_redisconnectionsmanager.cpp">
      <Filter>Source Files\tests</Filter>
    </ClCompile>
    <ClCompile Include="GeneratedFiles\Debug\moc_qxtsshchannel.cpp">
      <Filter>Generated Files\Debug</Filter>
    </ClCompile>
    <ClCompile Include="GeneratedFiles\Release\moc_qxtsshchannel.cpp">
      <Filter>Generated Files\Release</Filter>
    </ClCompile>
    <ClCompile Include="GeneratedFiles\Debug\moc_qxtsshclient.cpp">
      <Filter>Generated Files\Debug</Filter>
    </ClCompile>
    <ClCompile Include="GeneratedFiles\Release\moc_qxtsshclient.cpp">
      <Filter>Generated Files\Release</Filter>
    </ClCompile>
    <ClCompile Include="GeneratedFiles\Debug\moc_qxtsshclient_p.cpp">
      <Filter>Generated Files\Debug</Filter>
    </ClCompile>
    <ClCompile Include="GeneratedFiles\Release\moc_qxtsshclient_p.cpp">
      <Filter>Generated Files\Release</Filter>
    </ClCompile>
    <ClCompile Include="GeneratedFiles\Debug\moc_qxtsshprocess.cpp">
      <Filter>Generated Files\Debug</Filter>
    </ClCompile>
    <ClCompile Include="GeneratedFiles\Release\moc_qxtsshprocess.cpp">
      <Filter>Generated Files\Release</Filter>
    </ClCompile>
    <ClCompile Include="GeneratedFiles\Debug\moc_qxtsshtcpsocket.cpp">
      <Filter>Generated Files\Debug</Filter>
    </ClCompile>
    <ClCompile Include="GeneratedFiles\Release\moc_qxtsshtcpsocket.cpp">
      <Filter>Generated Files\Release</Filter>
    </ClCompile>
    <ClCompile Include="..\redis-desktop-manager\source\network\qxtsshchannel.cpp">
      <Filter>Source Files\source</Filter>
    </ClCompile>
    <ClCompile Include="..\redis-desktop-manager\source\network\qxtsshclient.cpp">
      <Filter>Source Files\source</Filter>
    </ClCompile>
    <ClCompile Include="..\redis-desktop-manager\source\network\qxtsshprocess.cpp">
      <Filter>Source Files\source</Filter>
    </ClCompile>
    <ClCompile Include="..\redis-desktop-manager\source\network\qxtsshtcpsocket.cpp">
      <Filter>Source Files\source</Filter>
    </ClCompile>
    <ClCompile Include="..\redis-desktop-manager\source\redis\RedisConnectionConfig.cpp">
      <Filter>Source Files\source</Filter>
    </ClCompile>
    <ClCompile Include="..\redis-desktop-manager\source\redis\RedisConnectionsManager.cpp">
      <Filter>Source Files\source</Filter>
    </ClCompile>
    <ClCompile Include="..\redis-desktop-manager\source\models\items\RedisKeyItem.cpp">
      <Filter>Source Files\source</Filter>
    </ClCompile>
    <ClCompile Include="..\redis-desktop-manager\source\models\items\RedisKeyNamespace.cpp">
      <Filter>Source Files\source</Filter>
    </ClCompile>
    <ClCompile Include="..\redis-desktop-manager\source\models\items\RedisServerDbItem.cpp">
      <Filter>Source Files\source</Filter>
    </ClCompile>
    <ClCompile Include="..\redis-desktop-manager\source\redis\Command.cpp">
      <Filter>Source Files\source</Filter>
    </ClCompile>
    <ClCompile Include="..\redis-desktop-manager\source\redis\Response.cpp">
      <Filter>Source Files\source</Filter>
    </ClCompile>
    <ClCompile Include="GeneratedFiles\Debug\moc_test_command.cpp">
      <Filter>Generated Files\Debug</Filter>
    </ClCompile>
    <ClCompile Include="GeneratedFiles\Release\moc_test_command.cpp">
      <Filter>Generated Files\Release</Filter>
    </ClCompile>
    <ClCompile Include="source\test_command.cpp">
      <Filter>Source Files\tests</Filter>
    </ClCompile>
    <ClCompile Include="GeneratedFiles\Debug\moc_test_response.cpp">
      <Filter>Generated Files\Debug</Filter>
    </ClCompile>
    <ClCompile Include="GeneratedFiles\Release\moc_test_response.cpp">
      <Filter>Generated Files\Release</Filter>
    </ClCompile>
    <ClCompile Include="source\test_response.cpp">
      <Filter>Source Files\tests</Filter>
    </ClCompile>
    <ClCompile Include="GeneratedFiles\Debug\moc_RedisConnectionAbstract.cpp">
      <Filter>Generated Files\Debug</Filter>
    </ClCompile>
    <ClCompile Include="GeneratedFiles\Release\moc_RedisConnectionAbstract.cpp">
      <Filter>Generated Files\Release</Filter>
    </ClCompile>
    <ClCompile Include="GeneratedFiles\Debug\moc_RedisConnectionOverSsh.cpp">
      <Filter>Generated Files\Debug</Filter>
    </ClCompile>
    <ClCompile Include="GeneratedFiles\Release\moc_RedisConnectionOverSsh.cpp">
      <Filter>Generated Files\Release</Filter>
    </ClCompile>
    <ClCompile Include="..\redis-desktop-manager\source\redis\RedisConnectionAbstract.cpp">
      <Filter>Source Files\source</Filter>
    </ClCompile>
    <ClCompile Include="..\redis-desktop-manager\source\redis\RedisConnectionOverSsh.cpp">
      <Filter>Source Files\source</Filter>
    </ClCompile>
    <ClCompile Include="GeneratedFiles\Debug\moc_RedisConnection.cpp">
      <Filter>Generated Files\Debug</Filter>
    </ClCompile>
    <ClCompile Include="GeneratedFiles\Release\moc_RedisConnection.cpp">
      <Filter>Generated Files\Release</Filter>
    </ClCompile>
    <ClCompile Include="..\redis-desktop-manager\source\redis\RedisConnection.cpp">
      <Filter>Source Files\source</Filter>
    </ClCompile>
    <ClCompile Include="GeneratedFiles\Debug\moc_RedisServerItem.cpp">
      <Filter>Generated Files\Debug</Filter>
    </ClCompile>
    <ClCompile Include="GeneratedFiles\Release\moc_RedisServerItem.cpp">
      <Filter>Generated Files\Release</Filter>
    </ClCompile>
    <ClCompile Include="..\redis-desktop-manager\source\models\items\RedisServerItem.cpp">
      <Filter>Source Files\source</Filter>
    </ClCompile>
  </ItemGroup>
  <ItemGroup>
    <ClInclude Include="..\redis-desktop-manager\include\network\qxtnetwork.h">
      <Filter>Header Files\source</Filter>
    </ClInclude>
    <ClInclude Include="..\redis-desktop-manager\include\network\qxtsshchannel_p.h">
      <Filter>Header Files\source</Filter>
    </ClInclude>
    <ClInclude Include="..\redis-desktop-manager\include\redis\RedisConnectionConfig.h">
      <Filter>Header Files\source</Filter>
    </ClInclude>
    <ClInclude Include="..\redis-desktop-manager\include\redis\RedisConnectionsManager.h">
      <Filter>Header Files\source</Filter>
    </ClInclude>
    <ClInclude Include="..\redis-desktop-manager\include\redis\RedisException.h">
      <Filter>Header Files\source</Filter>
    </ClInclude>
    <ClInclude Include="..\redis-desktop-manager\include\models\items\RedisKeyItem.h">
      <Filter>Header Files\source</Filter>
    </ClInclude>
    <ClInclude Include="..\redis-desktop-manager\include\models\items\RedisKeyNamespace.h">
      <Filter>Header Files\source</Filter>
    </ClInclude>
    <ClInclude Include="..\redis-desktop-manager\include\models\items\RedisServerDbItem.h">
      <Filter>Header Files\source</Filter>
    </ClInclude>
    <ClInclude Include="..\redis-desktop-manager\include\redis\Command.h">
      <Filter>Header Files\source</Filter>
    </ClInclude>
    <ClInclude Include="..\redis-desktop-manager\include\redis\Response.h">
      <Filter>Header Files\source</Filter>
    </ClInclude>
  </ItemGroup>
</Project>