<?xml version="1.0" encoding="utf-8"?>
<Project ToolsVersion="4.0" xmlns="http://schemas.microsoft.com/developer/msbuild/2003">
  <ItemGroup>
    <Filter Include="Source Files">
      <UniqueIdentifier>{4FC737F1-C7A5-4376-A066-2A32D752A2FF}</UniqueIdentifier>
      <Extensions>cpp;cxx;c;def</Extensions>
    </Filter>
    <Filter Include="Header Files">
      <UniqueIdentifier>{93995380-89BD-4b04-88EB-625FBE52EBFB}</UniqueIdentifier>
      <Extensions>h</Extensions>
    </Filter>
    <Filter Include="Resource Files">
      <UniqueIdentifier>{D9D6E242-F8AF-46E4-B9FD-80ECBC20BA3E}</UniqueIdentifier>
      <Extensions>qrc;*</Extensions>
      <ParseFiles>false</ParseFiles>
    </Filter>
    <Filter Include="Generated Files">
      <UniqueIdentifier>{71ED8ED8-ACB9-4CE9-BBE1-E00B30144E11}</UniqueIdentifier>
      <Extensions>moc;h;cpp</Extensions>
      <SourceControlFiles>False</SourceControlFiles>
    </Filter>
    <Filter Include="Source Files\RedisConnection">
      <UniqueIdentifier>{616ee7b6-958a-4027-9c65-1dd11879ae0f}</UniqueIdentifier>
    </Filter>
    <Filter Include="Generated Files\Debug">
      <UniqueIdentifier>{b067fc99-216f-4f43-bde4-40ae40d342ce}</UniqueIdentifier>
      <Extensions>cpp;moc</Extensions>
      <SourceControlFiles>False</SourceControlFiles>
    </Filter>
    <Filter Include="Generated Files\Release">
      <UniqueIdentifier>{1b18e787-e978-4300-adee-2a68e2c3504f}</UniqueIdentifier>
      <Extensions>cpp;moc</Extensions>
      <SourceControlFiles>False</SourceControlFiles>
    </Filter>
    <Filter Include="Header Files\RedisConnection">
      <UniqueIdentifier>{a1942d82-a7d7-44e2-ba1d-ba61dda4744e}</UniqueIdentifier>
    </Filter>
    <Filter Include="Source Code">
      <UniqueIdentifier>{15d3acac-170d-46a0-8cb6-5742ebcb1534}</UniqueIdentifier>
    </Filter>
  </ItemGroup>
  <ItemGroup>
    <ClCompile Include="GeneratedFiles\Debug\moc_test_redisconnection.cpp">
      <Filter>Generated Files\Debug</Filter>
    </ClCompile>
    <ClCompile Include="GeneratedFiles\Release\moc_test_redisconnection.cpp">
      <Filter>Generated Files\Release</Filter>
    </ClCompile>
    <ClCompile Include="test_redisconnection.cpp">
      <Filter>Source Files\RedisConnection</Filter>
    </ClCompile>
    <ClCompile Include="main.cpp">
      <Filter>Source Files</Filter>
    </ClCompile>
    <ClCompile Include="..\demo\redisconnection.cpp">
      <Filter>Source Code</Filter>
    </ClCompile>
    <ClCompile Include="..\demo\RedisConnectionAbstract.cpp">
      <Filter>Source Code</Filter>
    </ClCompile>
    <ClCompile Include="..\demo\RedisConnectionConfig.cpp">
      <Filter>Source Code</Filter>
    </ClCompile>
    <ClCompile Include="GeneratedFiles\Debug\moc_test_redisconnectionsmanager.cpp">
      <Filter>Generated Files\Debug</Filter>
    </ClCompile>
    <ClCompile Include="GeneratedFiles\Release\moc_test_redisconnectionsmanager.cpp">
      <Filter>Generated Files\Release</Filter>
    </ClCompile>
    <ClCompile Include="test_redisconnectionsmanager.cpp">
      <Filter>Source Files\RedisConnection</Filter>
    </ClCompile>
    <ClCompile Include="..\demo\RedisConnectionsManager.cpp">
      <Filter>Source Code</Filter>
    </ClCompile>
    <ClCompile Include="..\demo\network\qxtsshchannel.cpp">
      <Filter>Source Code</Filter>
    </ClCompile>
    <ClCompile Include="GeneratedFiles\Debug\moc_qxtsshchannel.cpp">
      <Filter>Generated Files\Debug</Filter>
    </ClCompile>
    <ClCompile Include="GeneratedFiles\Release\moc_qxtsshchannel.cpp">
      <Filter>Generated Files\Release</Filter>
    </ClCompile>
    <ClCompile Include="..\demo\network\qxtsshclient.cpp">
      <Filter>Source Code</Filter>
    </ClCompile>
    <ClCompile Include="GeneratedFiles\Debug\moc_qxtsshclient.cpp">
      <Filter>Generated Files\Debug</Filter>
    </ClCompile>
    <ClCompile Include="GeneratedFiles\Release\moc_qxtsshclient.cpp">
      <Filter>Generated Files\Release</Filter>
    </ClCompile>
    <ClCompile Include="GeneratedFiles\Debug\moc_qxtsshclient_p.cpp">
      <Filter>Generated Files\Debug</Filter>
    </ClCompile>
    <ClCompile Include="GeneratedFiles\Release\moc_qxtsshclient_p.cpp">
      <Filter>Generated Files\Release</Filter>
    </ClCompile>
    <ClCompile Include="..\demo\network\qxtsshprocess.cpp">
      <Filter>Source Code</Filter>
    </ClCompile>
    <ClCompile Include="GeneratedFiles\Debug\moc_qxtsshprocess.cpp">
      <Filter>Generated Files\Debug</Filter>
    </ClCompile>
    <ClCompile Include="GeneratedFiles\Release\moc_qxtsshprocess.cpp">
      <Filter>Generated Files\Release</Filter>
    </ClCompile>
    <ClCompile Include="..\demo\network\qxtsshtcpsocket.cpp">
      <Filter>Source Code</Filter>
    </ClCompile>
    <ClCompile Include="GeneratedFiles\Debug\moc_qxtsshtcpsocket.cpp">
      <Filter>Generated Files\Debug</Filter>
    </ClCompile>
    <ClCompile Include="GeneratedFiles\Release\moc_qxtsshtcpsocket.cpp">
      <Filter>Generated Files\Release</Filter>
    </ClCompile>
    <ClCompile Include="..\demo\RedisKeyItem.cpp">
      <Filter>Source Code</Filter>
    </ClCompile>
    <ClCompile Include="..\demo\RedisServerDbItem.cpp">
      <Filter>Source Code</Filter>
    </ClCompile>
    <ClCompile Include="..\demo\RedisServerItem.cpp">
      <Filter>Source Code</Filter>
    </ClCompile>
    <ClCompile Include="..\demo\RedisKeyNamespace.cpp">
      <Filter>Source Code</Filter>
    </ClCompile>
    <ClCompile Include="GeneratedFiles\Debug\moc_RedisConnectionOverSsh.cpp">
      <Filter>Generated Files\Debug</Filter>
    </ClCompile>
    <ClCompile Include="GeneratedFiles\Release\moc_RedisConnectionOverSsh.cpp">
      <Filter>Generated Files\Release</Filter>
    </ClCompile>
    <ClCompile Include="..\demo\RedisConnectionOverSsh.cpp">
      <Filter>Source Code</Filter>
    </ClCompile>
  </ItemGroup>
  <ItemGroup>
    <CustomBuild Include="test_redisconnection.h">
      <Filter>Header Files\RedisConnection</Filter>
    </CustomBuild>
    <CustomBuild Include="test_redisconnectionsmanager.h">
      <Filter>Header Files\RedisConnection</Filter>
    </CustomBuild>
    <CustomBuild Include="..\demo\network\qxtsshchannel.h">
      <Filter>Source Code</Filter>
    </CustomBuild>
    <CustomBuild Include="..\demo\network\qxtsshclient.h">
      <Filter>Source Code</Filter>
    </CustomBuild>
    <CustomBuild Include="..\demo\network\qxtsshclient_p.h">
      <Filter>Source Code</Filter>
    </CustomBuild>
    <CustomBuild Include="..\demo\network\qxtsshprocess.h">
      <Filter>Source Code</Filter>
    </CustomBuild>
    <CustomBuild Include="..\demo\network\qxtsshtcpsocket.h">
      <Filter>Source Code</Filter>
    </CustomBuild>
    <CustomBuild Include="test-config.xml" />
    <CustomBuild Include="..\demo\network\qxtnetwork.h">
      <Filter>Source Code</Filter>
    </CustomBuild>
    <CustomBuild Include="..\demo\network\qxtsshchannel_p.h">
      <Filter>Source Code</Filter>
    </CustomBuild>
    <CustomBuild Include="..\demo\redisconnection.h">
      <Filter>Source Code</Filter>
    </CustomBuild>
    <CustomBuild Include="..\demo\RedisConnectionAbstract.h">
      <Filter>Source Code</Filter>
    </CustomBuild>
    <CustomBuild Include="..\demo\RedisConnectionConfig.h">
      <Filter>Source Code</Filter>
    </CustomBuild>
    <CustomBuild Include="..\demo\RedisConnectionsManager.h">
      <Filter>Source Code</Filter>
    </CustomBuild>
    <CustomBuild Include="..\demo\RedisException.h">
      <Filter>Source Code</Filter>
    </CustomBuild>
    <CustomBuild Include="..\demo\RedisConnectionOverSsh.h">
      <Filter>Source Code</Filter>
    </CustomBuild>
  </ItemGroup>
  <ItemGroup>
    <ClInclude Include="..\demo\RedisServerDbItem.h">
      <Filter>Source Code</Filter>
    </ClInclude>
    <ClInclude Include="..\demo\RedisServerItem.h">
      <Filter>Source Code</Filter>
    </ClInclude>
    <ClInclude Include="..\demo\RedisKeyItem.h">
      <Filter>Source Code</Filter>
    </ClInclude>
    <ClInclude Include="..\demo\RedisKeyNamespace.h">
      <Filter>Source Code</Filter>
    </ClInclude>
  </ItemGroup>
</Project>